
Microsoft Visual Studio Solution File, Format Version 12.00
# Visual Studio Version 17
VisualStudioVersion = 17.4.33213.308
MinimumVisualStudioVersion = 10.0.40219.1
Project("{FAE04EC0-301F-11D3-BF4B-00C04F79EFBC}") = "WebApplication1", "WebApplication1.csproj", "{E94E25DC-853E-4D70-8DDA-1BD3881DE92D}"
EndProject
Global
	GlobalSection(SolutionConfigurationPlatforms) = preSolution
		Debug|Any CPU = Debug|Any CPU
		Release|Any CPU = Release|Any CPU
	EndGlobalSection
	GlobalSection(ProjectConfigurationPlatforms) = postSolution
		{E94E25DC-853E-4D70-8DDA-1BD3881DE92D}.Debug|Any CPU.ActiveCfg = Debug|Any CPU
		{E94E25DC-853E-4D70-8DDA-1BD3881DE92D}.Debug|Any CPU.Build.0 = Debug|Any CPU
		{E94E25DC-853E-4D70-8DDA-1BD3881DE92D}.Release|Any CPU.ActiveCfg = Release|Any CPU
		{E94E25DC-853E-4D70-8DDA-1BD3881DE92D}.Release|Any CPU.Build.0 = Release|Any CPU
	EndGlobalSection
	GlobalSection(SolutionProperties) = preSolution
		HideSolutionNode = FALSE
	EndGlobalSection
	GlobalSection(ExtensibilityGlobals) = postSolution
		SolutionGuid = {92882F66-D202-409C-9588-EAA4F2199D32}
	EndGlobalSection
EndGlobal
